
Microsoft Visual Studio Solution File, Format Version 12.00
# Visual Studio Version 17
VisualStudioVersion = 17.8.34205.153
MinimumVisualStudioVersion = 10.0.40219.1
Project("{9A19103F-16F7-4668-BE54-9A1E7A4F7556}") = "Pagination", "Pagination\Pagination.csproj", "{FF409045-A1FA-44EB-93A3-FBD561022DD2}"
EndProject
Project("{9A19103F-16F7-4668-BE54-9A1E7A4F7556}") = "ConsoleApplication", "ConsoleApplication\ConsoleApplication.csproj", "{EDADAC90-0C9E-48D8-ADBF-D3D78B65E4B2}"
EndProject
Project("{9A19103F-16F7-4668-BE54-9A1E7A4F7556}") = "Service", "Service\Service.csproj", "{1AEC0AB7-05AA-49E2-95D0-A8BA7B9CE176}"
EndProject
Project("{9A19103F-16F7-4668-BE54-9A1E7A4F7556}") = "Models", "Models\Models.csproj", "{F0AB5750-3D60-4BE1-8865-C121EF626A27}"
EndProject
Project("{FAE04EC0-301F-11D3-BF4B-00C04F79EFBC}") = "Stripe2Pay", "Stripe2Pay\Stripe2Pay.csproj", "{E672CA28-3C25-454C-B637-6385ABD18431}"
EndProject
Global
	GlobalSection(SolutionConfigurationPlatforms) = preSolution
		Debug|Any CPU = Debug|Any CPU
		Release|Any CPU = Release|Any CPU
	EndGlobalSection
	GlobalSection(ProjectConfigurationPlatforms) = postSolution
		{FF409045-A1FA-44EB-93A3-FBD561022DD2}.Debug|Any CPU.ActiveCfg = Debug|Any CPU
		{FF409045-A1FA-44EB-93A3-FBD561022DD2}.Debug|Any CPU.Build.0 = Debug|Any CPU
		{FF409045-A1FA-44EB-93A3-FBD561022DD2}.Release|Any CPU.ActiveCfg = Release|Any CPU
		{FF409045-A1FA-44EB-93A3-FBD561022DD2}.Release|Any CPU.Build.0 = Release|Any CPU
		{EDADAC90-0C9E-48D8-ADBF-D3D78B65E4B2}.Debug|Any CPU.ActiveCfg = Debug|Any CPU
		{EDADAC90-0C9E-48D8-ADBF-D3D78B65E4B2}.Debug|Any CPU.Build.0 = Debug|Any CPU
		{EDADAC90-0C9E-48D8-ADBF-D3D78B65E4B2}.Release|Any CPU.ActiveCfg = Release|Any CPU
		{EDADAC90-0C9E-48D8-ADBF-D3D78B65E4B2}.Release|Any CPU.Build.0 = Release|Any CPU
		{1AEC0AB7-05AA-49E2-95D0-A8BA7B9CE176}.Debug|Any CPU.ActiveCfg = Debug|Any CPU
		{1AEC0AB7-05AA-49E2-95D0-A8BA7B9CE176}.Debug|Any CPU.Build.0 = Debug|Any CPU
		{1AEC0AB7-05AA-49E2-95D0-A8BA7B9CE176}.Release|Any CPU.ActiveCfg = Release|Any CPU
		{1AEC0AB7-05AA-49E2-95D0-A8BA7B9CE176}.Release|Any CPU.Build.0 = Release|Any CPU
		{F0AB5750-3D60-4BE1-8865-C121EF626A27}.Debug|Any CPU.ActiveCfg = Debug|Any CPU
		{F0AB5750-3D60-4BE1-8865-C121EF626A27}.Debug|Any CPU.Build.0 = Debug|Any CPU
		{F0AB5750-3D60-4BE1-8865-C121EF626A27}.Release|Any CPU.ActiveCfg = Release|Any CPU
		{F0AB5750-3D60-4BE1-8865-C121EF626A27}.Release|Any CPU.Build.0 = Release|Any CPU
		{E672CA28-3C25-454C-B637-6385ABD18431}.Debug|Any CPU.ActiveCfg = Debug|Any CPU
		{E672CA28-3C25-454C-B637-6385ABD18431}.Debug|Any CPU.Build.0 = Debug|Any CPU
		{E672CA28-3C25-454C-B637-6385ABD18431}.Release|Any CPU.ActiveCfg = Release|Any CPU
		{E672CA28-3C25-454C-B637-6385ABD18431}.Release|Any CPU.Build.0 = Release|Any CPU
	EndGlobalSection
	GlobalSection(SolutionProperties) = preSolution
		HideSolutionNode = FALSE
	EndGlobalSection
	GlobalSection(ExtensibilityGlobals) = postSolution
		SolutionGuid = {0097D7F7-8B76-40D6-90F9-F6D0B62100FC}
	EndGlobalSection
EndGlobal
